# This file is automatically @generated by Cargo.
# It is not intended for manual editing.
version = 4

[[package]]
name = "ee-emit"
version = "0.1.0"

[[package]]
name = "ee-interp"
version = "0.1.0"

[[package]]
name = "ingest"
version = "0.1.0"

[[package]]
name = "r5900-decode"
version = "0.1.0"

[[package]]
name = "recomp-cli"
version = "0.1.0"

[[package]]
name = "vu-decode"
version = "0.1.0"

[[package]]
name = "vu-emit"
version = "0.1.0"
